
Microsoft Visual Studio Solution File, Format Version 12.00
# Visual Studio Version 16
VisualStudioVersion = 16.0.30204.135
MinimumVisualStudioVersion = 10.0.40219.1
Project("{9A19103F-16F7-4668-BE54-9A1E7A4F7556}") = "Grocerydelivery", "Grocerydelivery.csproj", "{6B0F59B6-965A-4E89-9248-EBAA4A1660F4}"
EndProject
Project("{9A19103F-16F7-4668-BE54-9A1E7A4F7556}") = "GroceryDelivery.Entites", "..\GroceryDelivery.Entites\GroceryDelivery.Entites.csproj", "{768A3171-36DC-4E3F-B640-3D429914278A}"
EndProject
Project("{9A19103F-16F7-4668-BE54-9A1E7A4F7556}") = "GroceryDelivery.DataLayer", "..\GroceryDelivery.DataLayer\GroceryDelivery.DataLayer.csproj", "{EF2367E5-2B4C-4F7D-BA15-5F72FF3868BC}"
EndProject
Project("{9A19103F-16F7-4668-BE54-9A1E7A4F7556}") = "GroceryDelivery.BusinessLayer", "..\GroceryDelivery.BusinessLayer\GroceryDelivery.BusinessLayer.csproj", "{05637B90-4928-439B-A024-DA628E048DAF}"
EndProject
Project("{FAE04EC0-301F-11D3-BF4B-00C04F79EFBC}") = "Grocerydelevery.Tests", "..\Grocerydelevery.Tests\Grocerydelevery.Tests.csproj", "{88B37AED-A4C2-4558-8194-892B75A62C3E}"
EndProject
Global
	GlobalSection(SolutionConfigurationPlatforms) = preSolution
		Debug|Any CPU = Debug|Any CPU
		Release|Any CPU = Release|Any CPU
	EndGlobalSection
	GlobalSection(ProjectConfigurationPlatforms) = postSolution
		{6B0F59B6-965A-4E89-9248-EBAA4A1660F4}.Debug|Any CPU.ActiveCfg = Debug|Any CPU
		{6B0F59B6-965A-4E89-9248-EBAA4A1660F4}.Debug|Any CPU.Build.0 = Debug|Any CPU
		{6B0F59B6-965A-4E89-9248-EBAA4A1660F4}.Release|Any CPU.ActiveCfg = Release|Any CPU
		{6B0F59B6-965A-4E89-9248-EBAA4A1660F4}.Release|Any CPU.Build.0 = Release|Any CPU
		{768A3171-36DC-4E3F-B640-3D429914278A}.Debug|Any CPU.ActiveCfg = Debug|Any CPU
		{768A3171-36DC-4E3F-B640-3D429914278A}.Debug|Any CPU.Build.0 = Debug|Any CPU
		{768A3171-36DC-4E3F-B640-3D429914278A}.Release|Any CPU.ActiveCfg = Release|Any CPU
		{768A3171-36DC-4E3F-B640-3D429914278A}.Release|Any CPU.Build.0 = Release|Any CPU
		{EF2367E5-2B4C-4F7D-BA15-5F72FF3868BC}.Debug|Any CPU.ActiveCfg = Debug|Any CPU
		{EF2367E5-2B4C-4F7D-BA15-5F72FF3868BC}.Debug|Any CPU.Build.0 = Debug|Any CPU
		{EF2367E5-2B4C-4F7D-BA15-5F72FF3868BC}.Release|Any CPU.ActiveCfg = Release|Any CPU
		{EF2367E5-2B4C-4F7D-BA15-5F72FF3868BC}.Release|Any CPU.Build.0 = Release|Any CPU
		{05637B90-4928-439B-A024-DA628E048DAF}.Debug|Any CPU.ActiveCfg = Debug|Any CPU
		{05637B90-4928-439B-A024-DA628E048DAF}.Debug|Any CPU.Build.0 = Debug|Any CPU
		{05637B90-4928-439B-A024-DA628E048DAF}.Release|Any CPU.ActiveCfg = Release|Any CPU
		{05637B90-4928-439B-A024-DA628E048DAF}.Release|Any CPU.Build.0 = Release|Any CPU
		{88B37AED-A4C2-4558-8194-892B75A62C3E}.Debug|Any CPU.ActiveCfg = Debug|Any CPU
		{88B37AED-A4C2-4558-8194-892B75A62C3E}.Debug|Any CPU.Build.0 = Debug|Any CPU
		{88B37AED-A4C2-4558-8194-892B75A62C3E}.Release|Any CPU.ActiveCfg = Release|Any CPU
		{88B37AED-A4C2-4558-8194-892B75A62C3E}.Release|Any CPU.Build.0 = Release|Any CPU
	EndGlobalSection
	GlobalSection(SolutionProperties) = preSolution
		HideSolutionNode = FALSE
	EndGlobalSection
	GlobalSection(ExtensibilityGlobals) = postSolution
		SolutionGuid = {23375AB5-A110-4677-A02A-E2CE03F72391}
	EndGlobalSection
EndGlobal
